
Microsoft Visual Studio Solution File, Format Version 12.00
# Visual Studio Version 17
VisualStudioVersion = 17.2.32616.157
MinimumVisualStudioVersion = 10.0.40219.1
Project("{FAE04EC0-301F-11D3-BF4B-00C04F79EFBC}") = "TalkingWithJohn.web", "TalkingWithJohn.web\TalkingWithJohn.web.csproj", "{EE50786A-A294-4B50-A3BF-DE2421D20EC3}"
EndProject
Global
	GlobalSection(SolutionConfigurationPlatforms) = preSolution
		Debug|Any CPU = Debug|Any CPU
		Release|Any CPU = Release|Any CPU
	EndGlobalSection
	GlobalSection(ProjectConfigurationPlatforms) = postSolution
		{EE50786A-A294-4B50-A3BF-DE2421D20EC3}.Debug|Any CPU.ActiveCfg = Debug|Any CPU
		{EE50786A-A294-4B50-A3BF-DE2421D20EC3}.Debug|Any CPU.Build.0 = Debug|Any CPU
		{EE50786A-A294-4B50-A3BF-DE2421D20EC3}.Release|Any CPU.ActiveCfg = Release|Any CPU
		{EE50786A-A294-4B50-A3BF-DE2421D20EC3}.Release|Any CPU.Build.0 = Release|Any CPU
	EndGlobalSection
	GlobalSection(SolutionProperties) = preSolution
		HideSolutionNode = FALSE
	EndGlobalSection
	GlobalSection(ExtensibilityGlobals) = postSolution
		SolutionGuid = {A501B163-17FD-4B1A-BA8C-14BB01ABB8BE}
	EndGlobalSection
EndGlobal
